# This file is automatically @generated by Cargo.
# It is not intended for manual editing.
version = 3

[[package]]
name = "rekt-diff-tests"
version = "0.0.1"

[[package]]
name = "rekt-protocol"
version = "0.0.1"

[[package]]
name = "rekt-server"
version = "0.0.1"

[[package]]
name = "rekt-sigv4"
version = "0.0.1"

[[package]]
name = "rekt-storage"
version = "0.0.1"

[[package]]
name = "rekt-storage-libpq"
version = "0.0.1"

[[package]]
name = "rekt-translator"
version = "0.0.1"

[[package]]
name = "rektifier"
version = "0.0.1"
